
Microsoft Visual Studio Solution File, Format Version 12.00
# Visual Studio Version 17
VisualStudioVersion = 17.3.32901.215
MinimumVisualStudioVersion = 10.0.40219.1
Project("{FAE04EC0-301F-11D3-BF4B-00C04F79EFBC}") = "ConsoleAppEF1", "..\ConsoleAppEF1\ConsoleAppEF1.csproj", "{EE4EE676-353F-4946-AE59-42B2B3CB31A8}"
EndProject
Global
	GlobalSection(SolutionConfigurationPlatforms) = preSolution
		Debug|Any CPU = Debug|Any CPU
		Release|Any CPU = Release|Any CPU
	EndGlobalSection
	GlobalSection(ProjectConfigurationPlatforms) = postSolution
		{EE4EE676-353F-4946-AE59-42B2B3CB31A8}.Debug|Any CPU.ActiveCfg = Debug|Any CPU
		{EE4EE676-353F-4946-AE59-42B2B3CB31A8}.Debug|Any CPU.Build.0 = Debug|Any CPU
		{EE4EE676-353F-4946-AE59-42B2B3CB31A8}.Release|Any CPU.ActiveCfg = Release|Any CPU
		{EE4EE676-353F-4946-AE59-42B2B3CB31A8}.Release|Any CPU.Build.0 = Release|Any CPU
	EndGlobalSection
	GlobalSection(SolutionProperties) = preSolution
		HideSolutionNode = FALSE
	EndGlobalSection
	GlobalSection(ExtensibilityGlobals) = postSolution
		SolutionGuid = {A1497239-9E00-4BFC-ACD5-11C1638CDE59}
	EndGlobalSection
EndGlobal
